// !$*UTF8*$!
{
	archiveVersion = 1;
	classes = {
	};
	objectVersion = 46;
	objects = {

/* Begin PBXBuildFile section */
		047598C71D532F7E009D26DA /* AppDelegate.swift in Sources */ = {isa = PBXBuildFile; fileRef = 047598C61D532F7E009D26DA /* AppDelegate.swift */; };
		047598C91D532F7E009D26DA /* ViewController.swift in Sources */ = {isa = PBXBuildFile; fileRef = 047598C81D532F7E009D26DA /* ViewController.swift */; };
		047598CC1D532F7E009D26DA /* Main.storyboard in Resources */ = {isa = PBXBuildFile; fileRef = 047598CA1D532F7E009D26DA /* Main.storyboard */; };
		047598CE1D532F7E009D26DA /* Assets.xcassets in Resources */ = {isa = PBXBuildFile; fileRef = 047598CD1D532F7E009D26DA /* Assets.xcassets */; };
		047598D11D532F7E009D26DA /* LaunchScreen.storyboard in Resources */ = {isa = PBXBuildFile; fileRef = 047598CF1D532F7E009D26DA /* LaunchScreen.storyboard */; };
		047598DC1D532F7E009D26DA /* ImageGalleryTests.swift in Sources */ = {isa = PBXBuildFile; fileRef = 047598DB1D532F7E009D26DA /* ImageGalleryTests.swift */; };
		047598E71D532F7E009D26DA /* ImageGalleryUITests.swift in Sources */ = {isa = PBXBuildFile; fileRef = 047598E61D532F7E009D26DA /* ImageGalleryUITests.swift */; };
/* End PBXBuildFile section */

/* Begin PBXContainerItemProxy section */
		047598D81D532F7E009D26DA /* PBXContainerItemProxy */ = {
			isa = PBXContainerItemProxy;
			containerPortal = 047598BB1D532F7D009D26DA /* Project object */;
			proxyType = 1;
			remoteGlobalIDString = 047598C21D532F7D009D26DA;
			remoteInfo = ImageGallery;
		};
		047598E31D532F7E009D26DA /* PBXContainerItemProxy */ = {
			isa = PBXContainerItemProxy;
			containerPortal = 047598BB1D532F7D009D26DA /* Project object */;
			proxyType = 1;
			remoteGlobalIDString = 047598C21D532F7D009D26DA;
			remoteInfo = ImageGallery;
		};
/* End PBXContainerItemProxy section */

/* Begin PBXFileReference section */
		047598C31D532F7E009D26DA /* ImageGallery.app */ = {isa = PBXFileReference; explicitFileType = wrapper.application; includeInIndex = 0; path = ImageGallery.app; sourceTree = BUILT_PRODUCTS_DIR; };
		047598C61D532F7E009D26DA /* AppDelegate.swift */ = {isa = PBXFileReference; lastKnownFileType = sourcecode.swift; path = AppDelegate.swift; sourceTree = "<group>"; };
		047598C81D532F7E009D26DA /* ViewController.swift */ = {isa = PBXFileReference; lastKnownFileType = sourcecode.swift; path = ViewController.swift; sourceTree = "<group>"; };
		047598CB1D532F7E009D26DA /* Base */ = {isa = PBXFileReference; lastKnownFileType = file.storyboard; name = Base; path = Base.lproj/Main.storyboard; sourceTree = "<group>"; };
		047598CD1D532F7E009D26DA /* Assets.xcassets */ = {isa = PBXFileReference; lastKnownFileType = folder.assetcatalog; path = Assets.xcassets; sourceTree = "<group>"; };
		047598D01D532F7E009D26DA /* Base */ = {isa = PBXFileReference; lastKnownFileType = file.storyboard; name = Base; path = Base.lproj/LaunchScreen.storyboard; sourceTree = "<group>"; };
		047598D21D532F7E009D26DA /* Info.plist */ = {isa = PBXFileReference; lastKnownFileType = text.plist.xml; path = Info.plist; sourceTree = "<group>"; };
		047598D71D532F7E009D26DA /* ImageGalleryTests.xctest */ = {isa = PBXFileReference; explicitFileType = wrapper.cfbundle; includeInIndex = 0; path = ImageGalleryTests.xctest; sourceTree = BUILT_PRODUCTS_DIR; };
		047598DB1D532F7E009D26DA /* ImageGalleryTests.swift */ = {isa = PBXFileReference; lastKnownFileType = sourcecode.swift; path = ImageGalleryTests.swift; sourceTree = "<group>"; };
		047598DD1D532F7E009D26DA /* Info.plist */ = {isa = PBXFileReference; lastKnownFileType = text.plist.xml; path = Info.plist; sourceTree = "<group>"; };
		047598E21D532F7E009D26DA /* ImageGalleryUITests.xctest */ = {isa = PBXFileReference; explicitFileType = wrapper.cfbundle; includeInIndex = 0; path = ImageGalleryUITests.xctest; sourceTree = BUILT_PRODUCTS_DIR; };
		047598E61D532F7E009D26DA /* ImageGalleryUITests.swift */ = {isa = PBXFileReference; lastKnownFileType = sourcecode.swift; path = ImageGalleryUITests.swift; sourceTree = "<group>"; };
		047598E81D532F7E009D26DA /* Info.plist */ = {isa = PBXFileReference; lastKnownFileType = text.plist.xml; path = Info.plist; sourceTree = "<group>"; };
/* End PBXFileReference section */

/* Begin PBXFrameworksBuildPhase section */
		047598C01D532F7D009D26DA /* Frameworks */ = {
			isa = PBXFrameworksBuildPhase;
			buildActionMask = 2147483647;
			files = (
			);
			runOnlyForDeploymentPostprocessing = 0;
		};
		047598D41D532F7E009D26DA /* Frameworks */ = {
			isa = PBXFrameworksBuildPhase;
			buildActionMask = 2147483647;
			files = (
			);
			runOnlyForDeploymentPostprocessing = 0;
		};
		047598DF1D532F7E009D26DA /* Frameworks */ = {
			isa = PBXFrameworksBuildPhase;
			buildActionMask = 2147483647;
			files = (
			);
			runOnlyForDeploymentPostprocessing = 0;
		};
/* End PBXFrameworksBuildPhase section */

/* Begin PBXGroup section */
		047598BA1D532F7D009D26DA = {
			isa = PBXGroup;
			children = (
				047598C51D532F7E009D26DA /* ImageGallery */,
				047598DA1D532F7E009D26DA /* ImageGalleryTests */,
				047598E51D532F7E009D26DA /* ImageGalleryUITests */,
				047598C41D532F7E009D26DA /* Products */,
			);
			sourceTree = "<group>";
		};
		047598C41D532F7E009D26DA /* Products */ = {
			isa = PBXGroup;
			children = (
				047598C31D532F7E009D26DA /* ImageGallery.app */,
				047598D71D532F7E009D26DA /* ImageGalleryTests.xctest */,
				047598E21D532F7E009D26DA /* ImageGalleryUITests.xctest */,
			);
			name = Products;
			sourceTree = "<group>";
		};
		047598C51D532F7E009D26DA /* ImageGallery */ = {
			isa = PBXGroup;
			children = (
				047598C61D532F7E009D26DA /* AppDelegate.swift */,
				047598C81D532F7E009D26DA /* ViewController.swift */,
				047598CA1D532F7E009D26DA /* Main.storyboard */,
				047598CD1D532F7E009D26DA /* Assets.xcassets */,
				047598CF1D532F7E009D26DA /* LaunchScreen.storyboard */,
				047598D21D532F7E009D26DA /* Info.plist */,
			);
			path = ImageGallery;
			sourceTree = "<group>";
		};
		047598DA1D532F7E009D26DA /* ImageGalleryTests */ = {
			isa = PBXGroup;
			children = (
				047598DB1D532F7E009D26DA /* ImageGalleryTests.swift */,
				047598DD1D532F7E009D26DA /* Info.plist */,
			);
			path = ImageGalleryTests;
			sourceTree = "<group>";
		};
		047598E51D532F7E009D26DA /* ImageGalleryUITests */ = {
			isa = PBXGroup;
			children = (
				047598E61D532F7E009D26DA /* ImageGalleryUITests.swift */,
				047598E81D532F7E009D26DA /* Info.plist */,
			);
			path = ImageGalleryUITests;
			sourceTree = "<group>";
		};
/* End PBXGroup section */

/* Begin PBXNativeTarget section */
		047598C21D532F7D009D26DA /* ImageGallery */ = {
			isa = PBXNativeTarget;
			buildConfigurationList = 047598EB1D532F7E009D26DA /* Build configuration list for PBXNativeTarget "ImageGallery" */;
			buildPhases = (
				047598BF1D532F7D009D26DA /* Sources */,
				047598C01D532F7D009D26DA /* Frameworks */,
				047598C11D532F7D009D26DA /* Resources */,
			);
			buildRules = (
			);
			dependencies = (
			);
			name = ImageGallery;
			productName = ImageGallery;
			productReference = 047598C31D532F7E009D26DA /* ImageGallery.app */;
			productType = "com.apple.product-type.application";
		};
		047598D61D532F7E009D26DA /* ImageGalleryTests */ = {
			isa = PBXNativeTarget;
			buildConfigurationList = 047598EE1D532F7E009D26DA /* Build configuration list for PBXNativeTarget "ImageGalleryTests" */;
			buildPhases = (
				047598D31D532F7E009D26DA /* Sources */,
				047598D41D532F7E009D26DA /* Frameworks */,
				047598D51D532F7E009D26DA /* Resources */,
			);
			buildRules = (
			);
			dependencies = (
				047598D91D532F7E009D26DA /* PBXTargetDependency */,
			);
			name = ImageGalleryTests;
			productName = ImageGalleryTests;
			productReference = 047598D71D532F7E009D26DA /* ImageGalleryTests.xctest */;
			productType = "com.apple.product-type.bundle.unit-test";
		};
		047598E11D532F7E009D26DA /* ImageGalleryUITests */ = {
			isa = PBXNativeTarget;
			buildConfigurationList = 047598F11D532F7E009D26DA /* Build configuration list for PBXNativeTarget "ImageGalleryUITests" */;
			buildPhases = (
				047598DE1D532F7E009D26DA /* Sources */,
				047598DF1D532F7E009D26DA /* Frameworks */,
				047598E01D532F7E009D26DA /* Resources */,
			);
			buildRules = (
			);
			dependencies = (
				047598E41D532F7E009D26DA /* PBXTargetDependency */,
			);
			name = ImageGalleryUITests;
			productName = ImageGalleryUITests;
			productReference = 047598E21D532F7E009D26DA /* ImageGalleryUITests.xctest */;
			productType = "com.apple.product-type.bundle.ui-testing";
		};
/* End PBXNativeTarget section */

/* Begin PBXProject section */
		047598BB1D532F7D009D26DA /* Project object */ = {
			isa = PBXProject;
			attributes = {
				LastSwiftUpdateCheck = 0730;
				LastUpgradeCheck = 0730;
				ORGANIZATIONNAME = "THUC-NHI LE";
				TargetAttributes = {
					047598C21D532F7D009D26DA = {
						CreatedOnToolsVersion = 7.3.1;
					};
					047598D61D532F7E009D26DA = {
						CreatedOnToolsVersion = 7.3.1;
						TestTargetID = 047598C21D532F7D009D26DA;
					};
					047598E11D532F7E009D26DA = {
						CreatedOnToolsVersion = 7.3.1;
						TestTargetID = 047598C21D532F7D009D26DA;
					};
				};
			};
			buildConfigurationList = 047598BE1D532F7D009D26DA /* Build configuration list for PBXProject "ImageGallery" */;
			compatibilityVersion = "Xcode 3.2";
			developmentRegion = English;
			hasScannedForEncodings = 0;
			knownRegions = (
				en,
				Base,
			);
			mainGroup = 047598BA1D532F7D009D26DA;
			productRefGroup = 047598C41D532F7E009D26DA /* Products */;
			projectDirPath = "";
			projectRoot = "";
			targets = (
				047598C21D532F7D009D26DA /* ImageGallery */,
				047598D61D532F7E009D26DA /* ImageGalleryTests */,
				047598E11D532F7E009D26DA /* ImageGalleryUITests */,
			);
		};
/* End PBXProject section */

/* Begin PBXResourcesBuildPhase section */
		047598C11D532F7D009D26DA /* Resources */ = {
			isa = PBXResourcesBuildPhase;
			buildActionMask = 2147483647;
			files = (
				047598D11D532F7E009D26DA /* LaunchScreen.storyboard in Resources */,
				047598CE1D532F7E009D26DA /* Assets.xcassets in Resources */,
				047598CC1D532F7E009D26DA /* Main.storyboard in Resources */,
			);
			runOnlyForDeploymentPostprocessing = 0;
		};
		047598D51D532F7E009D26DA /* Resources */ = {
			isa = PBXResourcesBuildPhase;
			buildActionMask = 2147483647;
			files = (
			);
			runOnlyForDeploymentPostprocessing = 0;
		};
		047598E01D532F7E009D26DA /* Resources */ = {
			isa = PBXResourcesBuildPhase;
			buildActionMask = 2147483647;
			files = (
			);
			runOnlyForDeploymentPostprocessing = 0;
		};
/* End PBXResourcesBuildPhase section */

/* Begin PBXSourcesBuildPhase section */
		047598BF1D532F7D009D26DA /* Sources */ = {
			isa = PBXSourcesBuildPhase;
			buildActionMask = 2147483647;
			files = (
				047598C91D532F7E009D26DA /* ViewController.swift in Sources */,
				047598C71D532F7E009D26DA /* AppDelegate.swift in Sources */,
			);
			runOnlyForDeploymentPostprocessing = 0;
		};
		047598D31D532F7E009D26DA /* Sources */ = {
			isa = PBXSourcesBuildPhase;
			buildActionMask = 2147483647;
			files = (
				047598DC1D532F7E009D26DA /* ImageGalleryTests.swift in Sources */,
			);
			runOnlyForDeploymentPostprocessing = 0;
		};
		047598DE1D532F7E009D26DA /* Sources */ = {
			isa = PBXSourcesBuildPhase;
			buildActionMask = 2147483647;
			files = (
				047598E71D532F7E009D26DA /* ImageGalleryUITests.swift in Sources */,
			);
			runOnlyForDeploymentPostprocessing = 0;
		};
/* End PBXSourcesBuildPhase section */

/* Begin PBXTargetDependency section */
		047598D91D532F7E009D26DA /* PBXTargetDependency */ = {
			isa = PBXTargetDependency;
			target = 047598C21D532F7D009D26DA /* ImageGallery */;
			targetProxy = 047598D81D532F7E009D26DA /* PBXContainerItemProxy */;
		};
		047598E41D532F7E009D26DA /* PBXTargetDependency */ = {
			isa = PBXTargetDependency;
			target = 047598C21D532F7D009D26DA /* ImageGallery */;
			targetProxy = 047598E31D532F7E009D26DA /* PBXContainerItemProxy */;
		};
/* End PBXTargetDependency section */

/* Begin PBXVariantGroup section */
		047598CA1D532F7E009D26DA /* Main.storyboard */ = {
			isa = PBXVariantGroup;
			children = (
				047598CB1D532F7E009D26DA /* Base */,
			);
			name = Main.storyboard;
			sourceTree = "<group>";
		};
		047598CF1D532F7E009D26DA /* LaunchScreen.storyboard */ = {
			isa = PBXVariantGroup;
			children = (
				047598D01D532F7E009D26DA /* Base */,
			);
			name = LaunchScreen.storyboard;
			sourceTree = "<group>";
		};
/* End PBXVariantGroup section */

/* Begin XCBuildConfiguration section */
		047598E91D532F7E009D26DA /* Debug */ = {
			isa = XCBuildConfiguration;
			buildSettings = {
				ALWAYS_SEARCH_USER_PATHS = NO;
				CLANG_ANALYZER_NONNULL = YES;
				CLANG_CXX_LANGUAGE_STANDARD = "gnu++0x";
				CLANG_CXX_LIBRARY = "libc++";
				CLANG_ENABLE_MODULES = YES;
				CLANG_ENABLE_OBJC_ARC = YES;
				CLANG_WARN_BOOL_CONVERSION = YES;
				CLANG_WARN_CONSTANT_CONVERSION = YES;
				CLANG_WARN_DIRECT_OBJC_ISA_USAGE = YES_ERROR;
				CLANG_WARN_EMPTY_BODY = YES;
				CLANG_WARN_ENUM_CONVERSION = YES;
				CLANG_WARN_INT_CONVERSION = YES;
				CLANG_WARN_OBJC_ROOT_CLASS = YES_ERROR;
				CLANG_WARN_UNREACHABLE_CODE = YES;
				CLANG_WARN__DUPLICATE_METHOD_MATCH = YES;
				"CODE_SIGN_IDENTITY[sdk=iphoneos*]" = "iPhone Developer";
				COPY_PHASE_STRIP = NO;
				DEBUG_INFORMATION_FORMAT = dwarf;
				ENABLE_STRICT_OBJC_MSGSEND = YES;
				ENABLE_TESTABILITY = YES;
				GCC_C_LANGUAGE_STANDARD = gnu99;
				GCC_DYNAMIC_NO_PIC = NO;
				GCC_NO_COMMON_BLOCKS = YES;
				GCC_OPTIMIZATION_LEVEL = 0;
				GCC_PREPROCESSOR_DEFINITIONS = (
					"DEBUG=1",
					"$(inherited)",
				);
				GCC_WARN_64_TO_32_BIT_CONVERSION = YES;
				GCC_WARN_ABOUT_RETURN_TYPE = YES_ERROR;
				GCC_WARN_UNDECLARED_SELECTOR = YES;
				GCC_WARN_UNINITIALIZED_AUTOS = YES_AGGRESSIVE;
				GCC_WARN_UNUSED_FUNCTION = YES;
				GCC_WARN_UNUSED_VARIABLE = YES;
				IPHONEOS_DEPLOYMENT_TARGET = 9.3;
				MTL_ENABLE_DEBUG_INFO = YES;
				ONLY_ACTIVE_ARCH = YES;
				SDKROOT = iphoneos;
				SWIFT_OPTIMIZATION_LEVEL = "-Onone";
			};
			name = Debug;
		};
		047598EA1D532F7E009D26DA /* Release */ = {
			isa = XCBuildConfiguration;
			buildSettings = {
				ALWAYS_SEARCH_USER_PATHS = NO;
				CLANG_ANALYZER_NONNULL = YES;
				CLANG_CXX_LANGUAGE_STANDARD = "gnu++0x";
				CLANG_CXX_LIBRARY = "libc++";
				CLANG_ENABLE_MODULES = YES;
				CLANG_ENABLE_OBJC_ARC = YES;
				CLANG_WARN_BOOL_CONVERSION = YES;
				CLANG_WARN_CONSTANT_CONVERSION = YES;
				CLANG_WARN_DIRECT_OBJC_ISA_USAGE = YES_ERROR;
				CLANG_WARN_EMPTY_BODY = YES;
				CLANG_WARN_ENUM_CONVERSION = YES;
				CLANG_WARN_INT_CONVERSION = YES;
				CLANG_WARN_OBJC_ROOT_CLASS = YES_ERROR;
				CLANG_WARN_UNREACHABLE_CODE = YES;
				CLANG_WARN__DUPLICATE_METHOD_MATCH = YES;
				"CODE_SIGN_IDENTITY[sdk=iphoneos*]" = "iPhone Developer";
				COPY_PHASE_STRIP = NO;
				DEBUG_INFORMATION_FORMAT = "dwarf-with-dsym";
				ENABLE_NS_ASSERTIONS = NO;
				ENABLE_STRICT_OBJC_MSGSEND = YES;
				GCC_C_LANGUAGE_STANDARD = gnu99;
				GCC_NO_COMMON_BLOCKS = YES;
				GCC_WARN_64_TO_32_BIT_CONVERSION = YES;
				GCC_WARN_ABOUT_RETURN_TYPE = YES_ERROR;
				GCC_WARN_UNDECLARED_SELECTOR = YES;
				GCC_WARN_UNINITIALIZED_AUTOS = YES_AGGRESSIVE;
				GCC_WARN_UNUSED_FUNCTION = YES;
				GCC_WARN_UNUSED_VARIABLE = YES;
				IPHONEOS_DEPLOYMENT_TARGET = 9.3;
				MTL_ENABLE_DEBUG_INFO = NO;
				SDKROOT = iphoneos;
				VALIDATE_PRODUCT = YES;
			};
			name = Release;
		};
		047598EC1D532F7E009D26DA /* Debug */ = {
			isa = XCBuildConfiguration;
			buildSettings = {
				ASSETCATALOG_COMPILER_APPICON_NAME = AppIcon;
				INFOPLIST_FILE = ImageGallery/Info.plist;
				LD_RUNPATH_SEARCH_PATHS = "$(inherited) @executable_path/Frameworks";
				PRODUCT_BUNDLE_IDENTIFIER = io.thucnhi2411.github.ImageGallery;
				PRODUCT_NAME = "$(TARGET_NAME)";
			};
			name = Debug;
		};
		047598ED1D532F7E009D26DA /* Release */ = {
			isa = XCBuildConfiguration;
			buildSettings = {
				ASSETCATALOG_COMPILER_APPICON_NAME = AppIcon;
				INFOPLIST_FILE = ImageGallery/Info.plist;
				LD_RUNPATH_SEARCH_PATHS = "$(inherited) @executable_path/Frameworks";
				PRODUCT_BUNDLE_IDENTIFIER = io.thucnhi2411.github.ImageGallery;
				PRODUCT_NAME = "$(TARGET_NAME)";
			};
			name = Release;
		};
		047598EF1D532F7E009D26DA /* Debug */ = {
			isa = XCBuildConfiguration;
			buildSettings = {
				BUNDLE_LOADER = "$(TEST_HOST)";
				INFOPLIST_FILE = ImageGalleryTests/Info.plist;
				LD_RUNPATH_SEARCH_PATHS = "$(inherited) @executable_path/Frameworks @loader_path/Frameworks";
				PRODUCT_BUNDLE_IDENTIFIER = io.thucnhi2411.github.ImageGalleryTests;
				PRODUCT_NAME = "$(TARGET_NAME)";
				TEST_HOST = "$(BUILT_PRODUCTS_DIR)/ImageGallery.app/ImageGallery";
			};
			name = Debug;
		};
		047598F01D532F7E009D26DA /* Release */ = {
			isa = XCBuildConfiguration;
			buildSettings = {
				BUNDLE_LOADER = "$(TEST_HOST)";
				INFOPLIST_FILE = ImageGalleryTests/Info.plist;
				LD_RUNPATH_SEARCH_PATHS = "$(inherited) @executable_path/Frameworks @loader_path/Frameworks";
				PRODUCT_BUNDLE_IDENTIFIER = io.thucnhi2411.github.ImageGalleryTests;
				PRODUCT_NAME = "$(TARGET_NAME)";
				TEST_HOST = "$(BUILT_PRODUCTS_DIR)/ImageGallery.app/ImageGallery";
			};
			name = Release;
		};
		047598F21D532F7E009D26DA /* Debug */ = {
			isa = XCBuildConfiguration;
			buildSettings = {
				INFOPLIST_FILE = ImageGalleryUITests/Info.plist;
				LD_RUNPATH_SEARCH_PATHS = "$(inherited) @executable_path/Frameworks @loader_path/Frameworks";
				PRODUCT_BUNDLE_IDENTIFIER = io.thucnhi2411.github.ImageGalleryUITests;
				PRODUCT_NAME = "$(TARGET_NAME)";
				TEST_TARGET_NAME = ImageGallery;
			};
			name = Debug;
		};
		047598F31D532F7E009D26DA /* Release */ = {
			isa = XCBuildConfiguration;
			buildSettings = {
				INFOPLIST_FILE = ImageGalleryUITests/Info.plist;
				LD_RUNPATH_SEARCH_PATHS = "$(inherited) @executable_path/Frameworks @loader_path/Frameworks";
				PRODUCT_BUNDLE_IDENTIFIER = io.thucnhi2411.github.ImageGalleryUITests;
				PRODUCT_NAME = "$(TARGET_NAME)";
				TEST_TARGET_NAME = ImageGallery;
			};
			name = Release;
		};
/* End XCBuildConfiguration section */

/* Begin XCConfigurationList section */
		047598BE1D532F7D009D26DA /* Build configuration list for PBXProject "ImageGallery" */ = {
			isa = XCConfigurationList;
			buildConfigurations = (
				047598E91D532F7E009D26DA /* Debug */,
				047598EA1D532F7E009D26DA /* Release */,
			);
			defaultConfigurationIsVisible = 0;
			defaultConfigurationName = Release;
		};
		047598EB1D532F7E009D26DA /* Build configuration list for PBXNativeTarget "ImageGallery" */ = {
			isa = XCConfigurationList;
			buildConfigurations = (
				047598EC1D532F7E009D26DA /* Debug */,
				047598ED1D532F7E009D26DA /* Release */,
			);
			defaultConfigurationIsVisible = 0;
		};
		047598EE1D532F7E009D26DA /* Build configuration list for PBXNativeTarget "ImageGalleryTests" */ = {
			isa = XCConfigurationList;
			buildConfigurations = (
				047598EF1D532F7E009D26DA /* Debug */,
				047598F01D532F7E009D26DA /* Release */,
			);
			defaultConfigurationIsVisible = 0;
		};
		047598F11D532F7E009D26DA /* Build configuration list for PBXNativeTarget "ImageGalleryUITests" */ = {
			isa = XCConfigurationList;
			buildConfigurations = (
				047598F21D532F7E009D26DA /* Debug */,
				047598F31D532F7E009D26DA /* Release */,
			);
			defaultConfigurationIsVisible = 0;
		};
/* End XCConfigurationList section */
	};
	rootObject = 047598BB1D532F7D009D26DA /* Project object */;
}
